
Microsoft Visual Studio Solution File, Format Version 12.00
# Visual Studio 15
VisualStudioVersion = 15.0.27130.2036
MinimumVisualStudioVersion = 10.0.40219.1
Project("{FAE04EC0-301F-11D3-BF4B-00C04F79EFBC}") = "FinalKnockoutJS", "FinalKnockoutJS\FinalKnockoutJS.csproj", "{34BA6572-BBEE-4C34-8AB9-0ED505CA5D93}"
EndProject
Global
	GlobalSection(SolutionConfigurationPlatforms) = preSolution
		Debug|Any CPU = Debug|Any CPU
		Release|Any CPU = Release|Any CPU
	EndGlobalSection
	GlobalSection(ProjectConfigurationPlatforms) = postSolution
		{34BA6572-BBEE-4C34-8AB9-0ED505CA5D93}.Debug|Any CPU.ActiveCfg = Debug|Any CPU
		{34BA6572-BBEE-4C34-8AB9-0ED505CA5D93}.Debug|Any CPU.Build.0 = Debug|Any CPU
		{34BA6572-BBEE-4C34-8AB9-0ED505CA5D93}.Release|Any CPU.ActiveCfg = Release|Any CPU
		{34BA6572-BBEE-4C34-8AB9-0ED505CA5D93}.Release|Any CPU.Build.0 = Release|Any CPU
	EndGlobalSection
	GlobalSection(SolutionProperties) = preSolution
		HideSolutionNode = FALSE
	EndGlobalSection
	GlobalSection(ExtensibilityGlobals) = postSolution
		SolutionGuid = {E4E108A9-F8BD-4272-8AA1-284CFC471C20}
	EndGlobalSection
EndGlobal
